{
  "name": "language-ride",
  "version": "0.1.0",
  "lockfileVersion": 1,
  "requires": true,
  "dependencies": {
    "nan": {
      "version": "2.14.0",
      "resolved": "https://registry.npmjs.org/nan/-/nan-2.14.0.tgz",
      "integrity": "sha512-INOFj37C7k3AfaNTtX8RhsTw7qRy7eLET14cROi9+5HAVbbHuIWUHEauBv5qT4Av2tWasiTY1Jw6puUNqRJXQg=="
    },
    "tree-sitter-ride": {
      "version": "0.1.2",
      "resolved": "https://registry.npmjs.org/tree-sitter-ride/-/tree-sitter-ride-0.1.2.tgz",
      "integrity": "sha512-vc/Xbrxo5HGYb6c+g7Ibc+WTUl1oxn406Zga4F/ZDBUy1jPF4fxmq6iyX33gjdQyGP4X402rVaCtIANIPPbgpQ==",
      "requires": {
        "nan": "^2.14.0"
      }
    }
  }
}
